dependencies:
- name: kafka-cluster
  repository: file://kafka-cluster
  version: 0.1.0
- name: kafka-topics
  repository: file://kafka-topics
  version: 0.1.0
- name: kafdrop
  repository: file://kafdrop
  version: 0.1.0
- name: retail-db
  repository: https://solution-pattern-cdc.github.io/helm
  version: 0.1.0
- name: cashback-db
  repository: https://solution-pattern-cdc.github.io/helm
  version: 0.1.0
- name: elasticsearch
  repository: https://solution-pattern-cdc.github.io/helm
  version: 0.1.0
- name: kafka-connect
  repository: https://solution-pattern-cdc.github.io/helm
  version: 0.1.0
- name: elastic-connector
  repository: https://solution-pattern-cdc.github.io/helm
  version: 0.1.0
- name: sales-streams
  repository: https://solution-pattern-cdc.github.io/helm
  version: 0.1.0
digest: sha256:885caa9e627eddc844a4266ede5977a8072de5ac35e7babecfa4abf011441e0b
generated: "2023-02-03T15:29:29.551077102+01:00"
