dependencies:
- name: kafka-cluster
  repository: file://kafka-cluster
  version: 0.1.0
- name: kafka-topics
  repository: file://kafka-topics
  version: 0.1.0
- name: kafdrop
  repository: file://kafdrop
  version: 0.1.0
- name: retail-db
  repository: https://solution-pattern-cdc.github.io/helm
  version: 0.1.0
- name: cashback-db
  repository: https://solution-pattern-cdc.github.io/helm
  version: 0.1.0
- name: elasticsearch
  repository: https://solution-pattern-cdc.github.io/helm
  version: 0.1.0
digest: sha256:669cc3ed2e32bb1017bd57b6420c220f1788801009e00365b0b2599afbdb80d2
generated: "2023-02-02T19:41:33.946288968+01:00"
