dependencies:
- name: kafka-cluster
  repository: file://kafka-cluster
  version: 0.1.0
- name: kafka-topics
  repository: file://kafka-topics
  version: 0.1.0
- name: kafdrop
  repository: file://kafdrop
  version: 0.1.0
- name: retail-db
  repository: https://solution-pattern-cdc.github.io/helm
  version: 0.1.0
- name: cashback-db
  repository: https://solution-pattern-cdc.github.io/helm
  version: 0.1.0
digest: sha256:43b4994a3c0da6b3a79deedb4657977a9776fc2cfbf1e379cdbebddc91a9d172
generated: "2023-02-02T19:16:47.740638224+01:00"
